
Microsoft Visual Studio Solution File, Format Version 12.00
# Visual Studio Version 17
VisualStudioVersion = 17.2.32616.157
MinimumVisualStudioVersion = 10.0.40219.1
Project("{FAE04EC0-301F-11D3-BF4B-00C04F79EFBC}") = "AssessmentTest1", "AssessmentTest1\AssessmentTest1.csproj", "{C8D0371D-9E93-433B-AC97-04215D4D7AC6}"
EndProject
Project("{FAE04EC0-301F-11D3-BF4B-00C04F79EFBC}") = "TestProject1", "TestProject1\TestProject1.csproj", "{F4FFA0E3-4D3D-49C4-8C98-6989CB2D25C3}"
EndProject
Global
	GlobalSection(SolutionConfigurationPlatforms) = preSolution
		Debug|Any CPU = Debug|Any CPU
		Release|Any CPU = Release|Any CPU
	EndGlobalSection
	GlobalSection(ProjectConfigurationPlatforms) = postSolution
		{C8D0371D-9E93-433B-AC97-04215D4D7AC6}.Debug|Any CPU.ActiveCfg = Debug|Any CPU
		{C8D0371D-9E93-433B-AC97-04215D4D7AC6}.Debug|Any CPU.Build.0 = Debug|Any CPU
		{C8D0371D-9E93-433B-AC97-04215D4D7AC6}.Release|Any CPU.ActiveCfg = Release|Any CPU
		{C8D0371D-9E93-433B-AC97-04215D4D7AC6}.Release|Any CPU.Build.0 = Release|Any CPU
		{F4FFA0E3-4D3D-49C4-8C98-6989CB2D25C3}.Debug|Any CPU.ActiveCfg = Debug|Any CPU
		{F4FFA0E3-4D3D-49C4-8C98-6989CB2D25C3}.Debug|Any CPU.Build.0 = Debug|Any CPU
		{F4FFA0E3-4D3D-49C4-8C98-6989CB2D25C3}.Release|Any CPU.ActiveCfg = Release|Any CPU
		{F4FFA0E3-4D3D-49C4-8C98-6989CB2D25C3}.Release|Any CPU.Build.0 = Release|Any CPU
	EndGlobalSection
	GlobalSection(SolutionProperties) = preSolution
		HideSolutionNode = FALSE
	EndGlobalSection
	GlobalSection(ExtensibilityGlobals) = postSolution
		SolutionGuid = {922E56D2-9B3C-4615-A789-F7CFECEF7033}
	EndGlobalSection
EndGlobal
